
Microsoft Visual Studio Solution File, Format Version 12.00
# Visual Studio Version 17
VisualStudioVersion = 17.10.34804.81
MinimumVisualStudioVersion = 10.0.40219.1
Project("{FAE04EC0-301F-11D3-BF4B-00C04F79EFBC}") = "GetOAuth2Token", "GetOAuth2Token\GetOAuth2Token.csproj", "{B122FD3E-D3DC-45AD-AF70-818B61E36B8A}"
EndProject
Global
	GlobalSection(SolutionConfigurationPlatforms) = preSolution
		Debug|Any CPU = Debug|Any CPU
		Release|Any CPU = Release|Any CPU
	EndGlobalSection
	GlobalSection(ProjectConfigurationPlatforms) = postSolution
		{B122FD3E-D3DC-45AD-AF70-818B61E36B8A}.Debug|Any CPU.ActiveCfg = Debug|Any CPU
		{B122FD3E-D3DC-45AD-AF70-818B61E36B8A}.Debug|Any CPU.Build.0 = Debug|Any CPU
		{B122FD3E-D3DC-45AD-AF70-818B61E36B8A}.Release|Any CPU.ActiveCfg = Release|Any CPU
		{B122FD3E-D3DC-45AD-AF70-818B61E36B8A}.Release|Any CPU.Build.0 = Release|Any CPU
	EndGlobalSection
	GlobalSection(SolutionProperties) = preSolution
		HideSolutionNode = FALSE
	EndGlobalSection
	GlobalSection(ExtensibilityGlobals) = postSolution
		SolutionGuid = {1204F6C4-D93E-4541-B951-1930DAE0D4D2}
	EndGlobalSection
EndGlobal
